
Microsoft Visual Studio Solution File, Format Version 12.00
# Visual Studio Version 17
VisualStudioVersion = 17.12.35323.107
MinimumVisualStudioVersion = 10.0.40219.1
Project("{FAE04EC0-301F-11D3-BF4B-00C04F79EFBC}") = "moviedb", "moviedb.csproj", "{957821AA-C89A-4CF3-A88A-51A1AF3C73DA}"
EndProject
Global
	GlobalSection(SolutionConfigurationPlatforms) = preSolution
		Debug|Any CPU = Debug|Any CPU
		Release|Any CPU = Release|Any CPU
	EndGlobalSection
	GlobalSection(ProjectConfigurationPlatforms) = postSolution
		{957821AA-C89A-4CF3-A88A-51A1AF3C73DA}.Debug|Any CPU.ActiveCfg = Debug|Any CPU
		{957821AA-C89A-4CF3-A88A-51A1AF3C73DA}.Debug|Any CPU.Build.0 = Debug|Any CPU
		{957821AA-C89A-4CF3-A88A-51A1AF3C73DA}.Release|Any CPU.ActiveCfg = Release|Any CPU
		{957821AA-C89A-4CF3-A88A-51A1AF3C73DA}.Release|Any CPU.Build.0 = Release|Any CPU
	EndGlobalSection
	GlobalSection(SolutionProperties) = preSolution
		HideSolutionNode = FALSE
	EndGlobalSection
	GlobalSection(ExtensibilityGlobals) = postSolution
		SolutionGuid = {A6EFD05C-2929-430C-9B58-B4ACD7DDDAC8}
	EndGlobalSection
EndGlobal
